// !$*UTF8*$!
{
	archiveVersion = 1;
	classes = {
	};
	objectVersion = 50;
	objects = {

/* Begin PBXBuildFile section */
		132EF7EF225D1D75001750E9 /* DataModel.xcdatamodeld in Sources */ = {isa = PBXBuildFile; fileRef = 132EF7ED225D1D75001750E9 /* DataModel.xcdatamodeld */; };
		13511294225CCB040070DD82 /* AppDelegate.swift in Sources */ = {isa = PBXBuildFile; fileRef = 13511293225CCB040070DD82 /* AppDelegate.swift */; };
		13511296225CCB040070DD82 /* TodoListViewController.swift in Sources */ = {isa = PBXBuildFile; fileRef = 13511295225CCB040070DD82 /* TodoListViewController.swift */; };
		13511299225CCB040070DD82 /* Main.storyboard in Resources */ = {isa = PBXBuildFile; fileRef = 13511297225CCB040070DD82 /* Main.storyboard */; };
		1351129B225CCB060070DD82 /* Assets.xcassets in Resources */ = {isa = PBXBuildFile; fileRef = 1351129A225CCB060070DD82 /* Assets.xcassets */; };
		1351129E225CCB060070DD82 /* LaunchScreen.storyboard in Resources */ = {isa = PBXBuildFile; fileRef = 1351129C225CCB060070DD82 /* LaunchScreen.storyboard */; };
		13D9125F22673758004E942D /* TodoItem.swift in Sources */ = {isa = PBXBuildFile; fileRef = 13D9125E22673758004E942D /* TodoItem.swift */; };
		13D912612267376F004E942D /* TodoCategory.swift in Sources */ = {isa = PBXBuildFile; fileRef = 13D912602267376F004E942D /* TodoCategory.swift */; };
		13F6FFE1225E154400AF22C0 /* CategoryViewController.swift in Sources */ = {isa = PBXBuildFile; fileRef = 13F6FFE0225E154400AF22C0 /* CategoryViewController.swift */; };
		442EA39EB4861548206323B6 /* Pods_Todo_CoreData.framework in Frameworks */ = {isa = PBXBuildFile; fileRef = 281062C4BDBBC20DEB95F550 /* Pods_Todo_CoreData.framework */; };
/* End PBXBuildFile section */

/* Begin PBXFileReference section */
		132EF7EE225D1D75001750E9 /* DataModel.xcdatamodel */ = {isa = PBXFileReference; lastKnownFileType = wrapper.xcdatamodel; path = DataModel.xcdatamodel; sourceTree = "<group>"; };
		13511290225CCB040070DD82 /* Todo-CoreData.app */ = {isa = PBXFileReference; explicitFileType = wrapper.application; includeInIndex = 0; path = "Todo-CoreData.app"; sourceTree = BUILT_PRODUCTS_DIR; };
		13511293225CCB040070DD82 /* AppDelegate.swift */ = {isa = PBXFileReference; lastKnownFileType = sourcecode.swift; path = AppDelegate.swift; sourceTree = "<group>"; };
		13511295225CCB040070DD82 /* TodoListViewController.swift */ = {isa = PBXFileReference; lastKnownFileType = sourcecode.swift; path = TodoListViewController.swift; sourceTree = "<group>"; };
		13511298225CCB040070DD82 /* Base */ = {isa = PBXFileReference; lastKnownFileType = file.storyboard; name = Base; path = Base.lproj/Main.storyboard; sourceTree = "<group>"; };
		1351129A225CCB060070DD82 /* Assets.xcassets */ = {isa = PBXFileReference; lastKnownFileType = folder.assetcatalog; path = Assets.xcassets; sourceTree = "<group>"; };
		1351129D225CCB060070DD82 /* Base */ = {isa = PBXFileReference; lastKnownFileType = file.storyboard; name = Base; path = Base.lproj/LaunchScreen.storyboard; sourceTree = "<group>"; };
		1351129F225CCB060070DD82 /* Info.plist */ = {isa = PBXFileReference; lastKnownFileType = text.plist.xml; path = Info.plist; sourceTree = "<group>"; };
		13D9125E22673758004E942D /* TodoItem.swift */ = {isa = PBXFileReference; lastKnownFileType = sourcecode.swift; path = TodoItem.swift; sourceTree = "<group>"; };
		13D912602267376F004E942D /* TodoCategory.swift */ = {isa = PBXFileReference; lastKnownFileType = sourcecode.swift; path = TodoCategory.swift; sourceTree = "<group>"; };
		13F6FFE0225E154400AF22C0 /* CategoryViewController.swift */ = {isa = PBXFileReference; lastKnownFileType = sourcecode.swift; name = CategoryViewController.swift; path = "Todo-CoreData/Controller/CategoryViewController.swift"; sourceTree = SOURCE_ROOT; };
		2745CD3DF5D0782AC19A744D /* Pods-Todo-CoreData.release.xcconfig */ = {isa = PBXFileReference; includeInIndex = 1; lastKnownFileType = text.xcconfig; name = "Pods-Todo-CoreData.release.xcconfig"; path = "Pods/Target Support Files/Pods-Todo-CoreData/Pods-Todo-CoreData.release.xcconfig"; sourceTree = "<group>"; };
		281062C4BDBBC20DEB95F550 /* Pods_Todo_CoreData.framework */ = {isa = PBXFileReference; explicitFileType = wrapper.framework; includeInIndex = 0; path = Pods_Todo_CoreData.framework; sourceTree = BUILT_PRODUCTS_DIR; };
		31A9095FB857923DC8733D1B /* Pods-Todo-CoreData.debug.xcconfig */ = {isa = PBXFileReference; includeInIndex = 1; lastKnownFileType = text.xcconfig; name = "Pods-Todo-CoreData.debug.xcconfig"; path = "Pods/Target Support Files/Pods-Todo-CoreData/Pods-Todo-CoreData.debug.xcconfig"; sourceTree = "<group>"; };
/* End PBXFileReference section */

/* Begin PBXFrameworksBuildPhase section */
		1351128D225CCB040070DD82 /* Frameworks */ = {
			isa = PBXFrameworksBuildPhase;
			buildActionMask = 2147483647;
			files = (
				442EA39EB4861548206323B6 /* Pods_Todo_CoreData.framework in Frameworks */,
			);
			runOnlyForDeploymentPostprocessing = 0;
		};
/* End PBXFrameworksBuildPhase section */

/* Begin PBXGroup section */
		13511287225CCB040070DD82 = {
			isa = PBXGroup;
			children = (
				13511292225CCB040070DD82 /* Todo-CoreData */,
				13511291225CCB040070DD82 /* Products */,
				17E5ED221B8AFA0BC274476D /* Pods */,
				AEB51B0452C544708A5DD1CE /* Frameworks */,
			);
			sourceTree = "<group>";
		};
		13511291225CCB040070DD82 /* Products */ = {
			isa = PBXGroup;
			children = (
				13511290225CCB040070DD82 /* Todo-CoreData.app */,
			);
			name = Products;
			sourceTree = "<group>";
		};
		13511292225CCB040070DD82 /* Todo-CoreData */ = {
			isa = PBXGroup;
			children = (
				13511293225CCB040070DD82 /* AppDelegate.swift */,
				13E355D4225CE11400B509AF /* Models */,
				13E355D7225CE15600B509AF /* Controller */,
				13E355D8225CE16E00B509AF /* View */,
				13E355D9225CE17800B509AF /* Supporting Files */,
				1351129F225CCB060070DD82 /* Info.plist */,
			);
			path = "Todo-CoreData";
			sourceTree = "<group>";
		};
		13E355D4225CE11400B509AF /* Models */ = {
			isa = PBXGroup;
			children = (
				132EF7ED225D1D75001750E9 /* DataModel.xcdatamodeld */,
				13D9125E22673758004E942D /* TodoItem.swift */,
				13D912602267376F004E942D /* TodoCategory.swift */,
			);
			path = Models;
			sourceTree = "<group>";
		};
		13E355D7225CE15600B509AF /* Controller */ = {
			isa = PBXGroup;
			children = (
				13F6FFE0225E154400AF22C0 /* CategoryViewController.swift */,
				13511295225CCB040070DD82 /* TodoListViewController.swift */,
			);
			path = Controller;
			sourceTree = "<group>";
		};
		13E355D8225CE16E00B509AF /* View */ = {
			isa = PBXGroup;
			children = (
				13511297225CCB040070DD82 /* Main.storyboard */,
			);
			path = View;
			sourceTree = "<group>";
		};
		13E355D9225CE17800B509AF /* Supporting Files */ = {
			isa = PBXGroup;
			children = (
				1351129A225CCB060070DD82 /* Assets.xcassets */,
				1351129C225CCB060070DD82 /* LaunchScreen.storyboard */,
			);
			path = "Supporting Files";
			sourceTree = "<group>";
		};
		17E5ED221B8AFA0BC274476D /* Pods */ = {
			isa = PBXGroup;
			children = (
				31A9095FB857923DC8733D1B /* Pods-Todo-CoreData.debug.xcconfig */,
				2745CD3DF5D0782AC19A744D /* Pods-Todo-CoreData.release.xcconfig */,
			);
			name = Pods;
			sourceTree = "<group>";
		};
		AEB51B0452C544708A5DD1CE /* Frameworks */ = {
			isa = PBXGroup;
			children = (
				281062C4BDBBC20DEB95F550 /* Pods_Todo_CoreData.framework */,
			);
			name = Frameworks;
			sourceTree = "<group>";
		};
/* End PBXGroup section */

/* Begin PBXNativeTarget section */
		1351128F225CCB040070DD82 /* Todo-CoreData */ = {
			isa = PBXNativeTarget;
			buildConfigurationList = 135112A2225CCB060070DD82 /* Build configuration list for PBXNativeTarget "Todo-CoreData" */;
			buildPhases = (
				A553C250E7F029B3BE3BAF4A /* [CP] Check Pods Manifest.lock */,
				1351128C225CCB040070DD82 /* Sources */,
				1351128D225CCB040070DD82 /* Frameworks */,
				1351128E225CCB040070DD82 /* Resources */,
				C153433E25BB426462A9D345 /* [CP] Embed Pods Frameworks */,
			);
			buildRules = (
			);
			dependencies = (
			);
			name = "Todo-CoreData";
			productName = "Todo-CoreData";
			productReference = 13511290225CCB040070DD82 /* Todo-CoreData.app */;
			productType = "com.apple.product-type.application";
		};
/* End PBXNativeTarget section */

/* Begin PBXProject section */
		13511288225CCB040070DD82 /* Project object */ = {
			isa = PBXProject;
			attributes = {
				LastSwiftUpdateCheck = 1020;
				LastUpgradeCheck = 1020;
				ORGANIZATIONNAME = com.chuck;
				TargetAttributes = {
					1351128F225CCB040070DD82 = {
						CreatedOnToolsVersion = 10.2;
					};
				};
			};
			buildConfigurationList = 1351128B225CCB040070DD82 /* Build configuration list for PBXProject "Todo-CoreData" */;
			compatibilityVersion = "Xcode 9.3";
			developmentRegion = en;
			hasScannedForEncodings = 0;
			knownRegions = (
				en,
				Base,
			);
			mainGroup = 13511287225CCB040070DD82;
			productRefGroup = 13511291225CCB040070DD82 /* Products */;
			projectDirPath = "";
			projectRoot = "";
			targets = (
				1351128F225CCB040070DD82 /* Todo-CoreData */,
			);
		};
/* End PBXProject section */

/* Begin PBXResourcesBuildPhase section */
		1351128E225CCB040070DD82 /* Resources */ = {
			isa = PBXResourcesBuildPhase;
			buildActionMask = 2147483647;
			files = (
				1351129E225CCB060070DD82 /* LaunchScreen.storyboard in Resources */,
				1351129B225CCB060070DD82 /* Assets.xcassets in Resources */,
				13511299225CCB040070DD82 /* Main.storyboard in Resources */,
			);
			runOnlyForDeploymentPostprocessing = 0;
		};
/* End PBXResourcesBuildPhase section */

/* Begin PBXShellScriptBuildPhase section */
		A553C250E7F029B3BE3BAF4A /* [CP] Check Pods Manifest.lock */ = {
			isa = PBXShellScriptBuildPhase;
			buildActionMask = 2147483647;
			files = (
			);
			inputFileListPaths = (
			);
			inputPaths = (
				"${PODS_PODFILE_DIR_PATH}/Podfile.lock",
				"${PODS_ROOT}/Manifest.lock",
			);
			name = "[CP] Check Pods Manifest.lock";
			outputFileListPaths = (
			);
			outputPaths = (
				"$(DERIVED_FILE_DIR)/Pods-Todo-CoreData-checkManifestLockResult.txt",
			);
			runOnlyForDeploymentPostprocessing = 0;
			shellPath = /bin/sh;
			shellScript = "diff \"${PODS_PODFILE_DIR_PATH}/Podfile.lock\" \"${PODS_ROOT}/Manifest.lock\" > /dev/null\nif [ $? != 0 ] ; then\n    # print error to STDERR\n    echo \"error: The sandbox is not in sync with the Podfile.lock. Run 'pod install' or update your CocoaPods installation.\" >&2\n    exit 1\nfi\n# This output is used by Xcode 'outputs' to avoid re-running this script phase.\necho \"SUCCESS\" > \"${SCRIPT_OUTPUT_FILE_0}\"\n";
			showEnvVarsInLog = 0;
		};
		C153433E25BB426462A9D345 /* [CP] Embed Pods Frameworks */ = {
			isa = PBXShellScriptBuildPhase;
			buildActionMask = 2147483647;
			files = (
			);
			inputFileListPaths = (
			);
			inputPaths = (
				"${SRCROOT}/Pods/Target Support Files/Pods-Todo-CoreData/Pods-Todo-CoreData-frameworks.sh",
				"${BUILT_PRODUCTS_DIR}/Realm/Realm.framework",
				"${BUILT_PRODUCTS_DIR}/RealmSwift/RealmSwift.framework",
				"${BUILT_PRODUCTS_DIR}/SwipeCellKit/SwipeCellKit.framework",
			);
			name = "[CP] Embed Pods Frameworks";
			outputFileListPaths = (
			);
			outputPaths = (
				"${TARGET_BUILD_DIR}/${FRAMEWORKS_FOLDER_PATH}/Realm.framework",
				"${TARGET_BUILD_DIR}/${FRAMEWORKS_FOLDER_PATH}/RealmSwift.framework",
				"${TARGET_BUILD_DIR}/${FRAMEWORKS_FOLDER_PATH}/SwipeCellKit.framework",
			);
			runOnlyForDeploymentPostprocessing = 0;
			shellPath = /bin/sh;
			shellScript = "\"${SRCROOT}/Pods/Target Support Files/Pods-Todo-CoreData/Pods-Todo-CoreData-frameworks.sh\"\n";
			showEnvVarsInLog = 0;
		};
/* End PBXShellScriptBuildPhase section */

/* Begin PBXSourcesBuildPhase section */
		1351128C225CCB040070DD82 /* Sources */ = {
			isa = PBXSourcesBuildPhase;
			buildActionMask = 2147483647;
			files = (
				13D9125F22673758004E942D /* TodoItem.swift in Sources */,
				13F6FFE1225E154400AF22C0 /* CategoryViewController.swift in Sources */,
				13511296225CCB040070DD82 /* TodoListViewController.swift in Sources */,
				13D912612267376F004E942D /* TodoCategory.swift in Sources */,
				132EF7EF225D1D75001750E9 /* DataModel.xcdatamodeld in Sources */,
				13511294225CCB040070DD82 /* AppDelegate.swift in Sources */,
			);
			runOnlyForDeploymentPostprocessing = 0;
		};
/* End PBXSourcesBuildPhase section */

/* Begin PBXVariantGroup section */
		13511297225CCB040070DD82 /* Main.storyboard */ = {
			isa = PBXVariantGroup;
			children = (
				13511298225CCB040070DD82 /* Base */,
			);
			name = Main.storyboard;
			sourceTree = "<group>";
		};
		1351129C225CCB060070DD82 /* LaunchScreen.storyboard */ = {
			isa = PBXVariantGroup;
			children = (
				1351129D225CCB060070DD82 /* Base */,
			);
			name = LaunchScreen.storyboard;
			sourceTree = "<group>";
		};
/* End PBXVariantGroup section */

/* Begin XCBuildConfiguration section */
		135112A0225CCB060070DD82 /* Debug */ = {
			isa = XCBuildConfiguration;
			buildSettings = {
				ALWAYS_SEARCH_USER_PATHS = NO;
				CLANG_ANALYZER_NONNULL = YES;
				CLANG_ANALYZER_NUMBER_OBJECT_CONVERSION = YES_AGGRESSIVE;
				CLANG_CXX_LANGUAGE_STANDARD = "gnu++14";
				CLANG_CXX_LIBRARY = "libc++";
				CLANG_ENABLE_MODULES = YES;
				CLANG_ENABLE_OBJC_ARC = YES;
				CLANG_ENABLE_OBJC_WEAK = YES;
				CLANG_WARN_BLOCK_CAPTURE_AUTORELEASING = YES;
				CLANG_WARN_BOOL_CONVERSION = YES;
				CLANG_WARN_COMMA = YES;
				CLANG_WARN_CONSTANT_CONVERSION = YES;
				CLANG_WARN_DEPRECATED_OBJC_IMPLEMENTATIONS = YES;
				CLANG_WARN_DIRECT_OBJC_ISA_USAGE = YES_ERROR;
				CLANG_WARN_DOCUMENTATION_COMMENTS = YES;
				CLANG_WARN_EMPTY_BODY = YES;
				CLANG_WARN_ENUM_CONVERSION = YES;
				CLANG_WARN_INFINITE_RECURSION = YES;
				CLANG_WARN_INT_CONVERSION = YES;
				CLANG_WARN_NON_LITERAL_NULL_CONVERSION = YES;
				CLANG_WARN_OBJC_IMPLICIT_RETAIN_SELF = YES;
				CLANG_WARN_OBJC_LITERAL_CONVERSION = YES;
				CLANG_WARN_OBJC_ROOT_CLASS = YES_ERROR;
				CLANG_WARN_RANGE_LOOP_ANALYSIS = YES;
				CLANG_WARN_STRICT_PROTOTYPES = YES;
				CLANG_WARN_SUSPICIOUS_MOVE = YES;
				CLANG_WARN_UNGUARDED_AVAILABILITY = YES_AGGRESSIVE;
				CLANG_WARN_UNREACHABLE_CODE = YES;
				CLANG_WARN__DUPLICATE_METHOD_MATCH = YES;
				CODE_SIGN_IDENTITY = "iPhone Developer";
				COPY_PHASE_STRIP = NO;
				DEBUG_INFORMATION_FORMAT = dwarf;
				ENABLE_STRICT_OBJC_MSGSEND = YES;
				ENABLE_TESTABILITY = YES;
				GCC_C_LANGUAGE_STANDARD = gnu11;
				GCC_DYNAMIC_NO_PIC = NO;
				GCC_NO_COMMON_BLOCKS = YES;
				GCC_OPTIMIZATION_LEVEL = 0;
				GCC_PREPROCESSOR_DEFINITIONS = (
					"DEBUG=1",
					"$(inherited)",
				);
				GCC_WARN_64_TO_32_BIT_CONVERSION = YES;
				GCC_WARN_ABOUT_RETURN_TYPE = YES_ERROR;
				GCC_WARN_UNDECLARED_SELECTOR = YES;
				GCC_WARN_UNINITIALIZED_AUTOS = YES_AGGRESSIVE;
				GCC_WARN_UNUSED_FUNCTION = YES;
				GCC_WARN_UNUSED_VARIABLE = YES;
				IPHONEOS_DEPLOYMENT_TARGET = 12.1;
				MTL_ENABLE_DEBUG_INFO = INCLUDE_SOURCE;
				MTL_FAST_MATH = YES;
				ONLY_ACTIVE_ARCH = YES;
				SDKROOT = iphoneos;
				SWIFT_ACTIVE_COMPILATION_CONDITIONS = DEBUG;
				SWIFT_OPTIMIZATION_LEVEL = "-Onone";
			};
			name = Debug;
		};
		135112A1225CCB060070DD82 /* Release */ = {
			isa = XCBuildConfiguration;
			buildSettings = {
				ALWAYS_SEARCH_USER_PATHS = NO;
				CLANG_ANALYZER_NONNULL = YES;
				CLANG_ANALYZER_NUMBER_OBJECT_CONVERSION = YES_AGGRESSIVE;
				CLANG_CXX_LANGUAGE_STANDARD = "gnu++14";
				CLANG_CXX_LIBRARY = "libc++";
				CLANG_ENABLE_MODULES = YES;
				CLANG_ENABLE_OBJC_ARC = YES;
				CLANG_ENABLE_OBJC_WEAK = YES;
				CLANG_WARN_BLOCK_CAPTURE_AUTORELEASING = YES;
				CLANG_WARN_BOOL_CONVERSION = YES;
				CLANG_WARN_COMMA = YES;
				CLANG_WARN_CONSTANT_CONVERSION = YES;
				CLANG_WARN_DEPRECATED_OBJC_IMPLEMENTATIONS = YES;
				CLANG_WARN_DIRECT_OBJC_ISA_USAGE = YES_ERROR;
				CLANG_WARN_DOCUMENTATION_COMMENTS = YES;
				CLANG_WARN_EMPTY_BODY = YES;
				CLANG_WARN_ENUM_CONVERSION = YES;
				CLANG_WARN_INFINITE_RECURSION = YES;
				CLANG_WARN_INT_CONVERSION = YES;
				CLANG_WARN_NON_LITERAL_NULL_CONVERSION = YES;
				CLANG_WARN_OBJC_IMPLICIT_RETAIN_SELF = YES;
				CLANG_WARN_OBJC_LITERAL_CONVERSION = YES;
				CLANG_WARN_OBJC_ROOT_CLASS = YES_ERROR;
				CLANG_WARN_RANGE_LOOP_ANALYSIS = YES;
				CLANG_WARN_STRICT_PROTOTYPES = YES;
				CLANG_WARN_SUSPICIOUS_MOVE = YES;
				CLANG_WARN_UNGUARDED_AVAILABILITY = YES_AGGRESSIVE;
				CLANG_WARN_UNREACHABLE_CODE = YES;
				CLANG_WARN__DUPLICATE_METHOD_MATCH = YES;
				CODE_SIGN_IDENTITY = "iPhone Developer";
				COPY_PHASE_STRIP = NO;
				DEBUG_INFORMATION_FORMAT = "dwarf-with-dsym";
				ENABLE_NS_ASSERTIONS = NO;
				ENABLE_STRICT_OBJC_MSGSEND = YES;
				GCC_C_LANGUAGE_STANDARD = gnu11;
				GCC_NO_COMMON_BLOCKS = YES;
				GCC_WARN_64_TO_32_BIT_CONVERSION = YES;
				GCC_WARN_ABOUT_RETURN_TYPE = YES_ERROR;
				GCC_WARN_UNDECLARED_SELECTOR = YES;
				GCC_WARN_UNINITIALIZED_AUTOS = YES_AGGRESSIVE;
				GCC_WARN_UNUSED_FUNCTION = YES;
				GCC_WARN_UNUSED_VARIABLE = YES;
				IPHONEOS_DEPLOYMENT_TARGET = 12.1;
				MTL_ENABLE_DEBUG_INFO = NO;
				MTL_FAST_MATH = YES;
				SDKROOT = iphoneos;
				SWIFT_COMPILATION_MODE = wholemodule;
				SWIFT_OPTIMIZATION_LEVEL = "-O";
				VALIDATE_PRODUCT = YES;
			};
			name = Release;
		};
		135112A3225CCB060070DD82 /* Debug */ = {
			isa = XCBuildConfiguration;
			baseConfigurationReference = 31A9095FB857923DC8733D1B /* Pods-Todo-CoreData.debug.xcconfig */;
			buildSettings = {
				ASSETCATALOG_COMPILER_APPICON_NAME = AppIcon;
				CODE_SIGN_STYLE = Automatic;
				DEVELOPMENT_TEAM = F7QY8Q547Z;
				INFOPLIST_FILE = "Todo-CoreData/Info.plist";
				LD_RUNPATH_SEARCH_PATHS = (
					"$(inherited)",
					"@executable_path/Frameworks",
				);
				PRODUCT_BUNDLE_IDENTIFIER = "com.chuck.Todo-CoreData";
				PRODUCT_NAME = "$(TARGET_NAME)";
				SWIFT_VERSION = 5.0;
				TARGETED_DEVICE_FAMILY = "1,2";
			};
			name = Debug;
		};
		135112A4225CCB060070DD82 /* Release */ = {
			isa = XCBuildConfiguration;
			baseConfigurationReference = 2745CD3DF5D0782AC19A744D /* Pods-Todo-CoreData.release.xcconfig */;
			buildSettings = {
				ASSETCATALOG_COMPILER_APPICON_NAME = AppIcon;
				CODE_SIGN_STYLE = Automatic;
				DEVELOPMENT_TEAM = F7QY8Q547Z;
				INFOPLIST_FILE = "Todo-CoreData/Info.plist";
				LD_RUNPATH_SEARCH_PATHS = (
					"$(inherited)",
					"@executable_path/Frameworks",
				);
				PRODUCT_BUNDLE_IDENTIFIER = "com.chuck.Todo-CoreData";
				PRODUCT_NAME = "$(TARGET_NAME)";
				SWIFT_VERSION = 5.0;
				TARGETED_DEVICE_FAMILY = "1,2";
			};
			name = Release;
		};
/* End XCBuildConfiguration section */

/* Begin XCConfigurationList section */
		1351128B225CCB040070DD82 /* Build configuration list for PBXProject "Todo-CoreData" */ = {
			isa = XCConfigurationList;
			buildConfigurations = (
				135112A0225CCB060070DD82 /* Debug */,
				135112A1225CCB060070DD82 /* Release */,
			);
			defaultConfigurationIsVisible = 0;
			defaultConfigurationName = Release;
		};
		135112A2225CCB060070DD82 /* Build configuration list for PBXNativeTarget "Todo-CoreData" */ = {
			isa = XCConfigurationList;
			buildConfigurations = (
				135112A3225CCB060070DD82 /* Debug */,
				135112A4225CCB060070DD82 /* Release */,
			);
			defaultConfigurationIsVisible = 0;
			defaultConfigurationName = Release;
		};
/* End XCConfigurationList section */

/* Begin XCVersionGroup section */
		132EF7ED225D1D75001750E9 /* DataModel.xcdatamodeld */ = {
			isa = XCVersionGroup;
			children = (
				132EF7EE225D1D75001750E9 /* DataModel.xcdatamodel */,
			);
			currentVersion = 132EF7EE225D1D75001750E9 /* DataModel.xcdatamodel */;
			path = DataModel.xcdatamodeld;
			sourceTree = "<group>";
			versionGroupType = wrapper.xcdatamodel;
		};
/* End XCVersionGroup section */
	};
	rootObject = 13511288225CCB040070DD82 /* Project object */;
}
